
Microsoft Visual Studio Solution File, Format Version 12.00
# Visual Studio Version 17
VisualStudioVersion = 17.13.35507.96 d17.13
MinimumVisualStudioVersion = 10.0.40219.1
Project("{FAE04EC0-301F-11D3-BF4B-00C04F79EFBC}") = "De01", "De01\De01.csproj", "{04CB4D54-C355-4FD0-87BF-5502944B4839}"
EndProject
Global
	GlobalSection(SolutionConfigurationPlatforms) = preSolution
		Debug|Any CPU = Debug|Any CPU
		Release|Any CPU = Release|Any CPU
	EndGlobalSection
	GlobalSection(ProjectConfigurationPlatforms) = postSolution
		{04CB4D54-C355-4FD0-87BF-5502944B4839}.Debug|Any CPU.ActiveCfg = Debug|Any CPU
		{04CB4D54-C355-4FD0-87BF-5502944B4839}.Debug|Any CPU.Build.0 = Debug|Any CPU
		{04CB4D54-C355-4FD0-87BF-5502944B4839}.Release|Any CPU.ActiveCfg = Release|Any CPU
		{04CB4D54-C355-4FD0-87BF-5502944B4839}.Release|Any CPU.Build.0 = Release|Any CPU
	EndGlobalSection
	GlobalSection(SolutionProperties) = preSolution
		HideSolutionNode = FALSE
	EndGlobalSection
	GlobalSection(ExtensibilityGlobals) = postSolution
		SolutionGuid = {596A1EAC-BCE2-4887-ADC1-5FDB774B1F2B}
	EndGlobalSection
EndGlobal
